
Microsoft Visual Studio Solution File, Format Version 12.00
# Visual Studio 15
VisualStudioVersion = 15.0.26730.15
MinimumVisualStudioVersion = 10.0.40219.1
Project("{8BC9CEB8-8B4A-11D0-8D11-00A0C91BC942}") = "Fantasy World", "Fantasy World\Fantasy World.vcxproj", "{39299741-FDEC-41C6-BF2B-82EB1B847176}"
EndProject
Global
	GlobalSection(SolutionConfigurationPlatforms) = preSolution
		Debug|x64 = Debug|x64
		Debug|x86 = Debug|x86
		Release|x64 = Release|x64
		Release|x86 = Release|x86
	EndGlobalSection
	GlobalSection(ProjectConfigurationPlatforms) = postSolution
		{39299741-FDEC-41C6-BF2B-82EB1B847176}.Debug|x64.ActiveCfg = Debug|x64
		{39299741-FDEC-41C6-BF2B-82EB1B847176}.Debug|x64.Build.0 = Debug|x64
		{39299741-FDEC-41C6-BF2B-82EB1B847176}.Debug|x86.ActiveCfg = Debug|Win32
		{39299741-FDEC-41C6-BF2B-82EB1B847176}.Debug|x86.Build.0 = Debug|Win32
		{39299741-FDEC-41C6-BF2B-82EB1B847176}.Release|x64.ActiveCfg = Release|x64
		{39299741-FDEC-41C6-BF2B-82EB1B847176}.Release|x64.Build.0 = Release|x64
		{39299741-FDEC-41C6-BF2B-82EB1B847176}.Release|x86.ActiveCfg = Release|Win32
		{39299741-FDEC-41C6-BF2B-82EB1B847176}.Release|x86.Build.0 = Release|Win32
	EndGlobalSection
	GlobalSection(SolutionProperties) = preSolution
		HideSolutionNode = FALSE
	EndGlobalSection
	GlobalSection(ExtensibilityGlobals) = postSolution
		SolutionGuid = {655132AF-E500-4389-8DB6-EE80A47C374A}
	EndGlobalSection
EndGlobal
