<?xml version="1.0" encoding="utf-8"?>
<Project ToolsVersion="4.0" xmlns="http://schemas.microsoft.com/developer/msbuild/2003">
  <ItemGroup>
    <Filter Include="Source Files">
      <UniqueIdentifier>{4FC737F1-C7A5-4376-A066-2A32D752A2FF}</UniqueIdentifier>
      <Extensions>cpp;c;cc;cxx;def;odl;idl;hpj;bat;asm;asmx</Extensions>
    </Filter>
    <Filter Include="Header Files">
      <UniqueIdentifier>{93995380-89BD-4b04-88EB-625FBE52EBFB}</UniqueIdentifier>
      <Extensions>h;hh;hpp;hxx;hm;inl;inc;ipp;xsd</Extensions>
    </Filter>
    <Filter Include="Resource Files">
      <UniqueIdentifier>{67DA6AB6-F800-4c08-8B7A-83BB121AAD01}</UniqueIdentifier>
      <Extensions>rc;ico;cur;bmp;dlg;rc2;rct;bin;rgs;gif;jpg;jpeg;jpe;resx;tiff;tif;png;wav;mfcribbon-ms</Extensions>
    </Filter>
    <Filter Include="Header Files\Fantasy_Game">
      <UniqueIdentifier>{dc1e16d6-99b0-4467-bd1c-da2bd9b5bd83}</UniqueIdentifier>
    </Filter>
    <Filter Include="Source Files\Fantasy_Game">
      <UniqueIdentifier>{8966ded5-ad1e-4724-a284-67a16654cfc4}</UniqueIdentifier>
    </Filter>
  </ItemGroup>
  <ItemGroup>
    <ClInclude Include="stdafx.h">
      <Filter>Header Files</Filter>
    </ClInclude>
    <ClInclude Include="targetver.h">
      <Filter>Header Files</Filter>
    </ClInclude>
    <ClInclude Include="Fantasy_Game\Console.hpp">
      <Filter>Header Files\Fantasy_Game</Filter>
    </ClInclude>
    <ClInclude Include="Fantasy_Game\Hp_bar.hpp">
      <Filter>Header Files\Fantasy_Game</Filter>
    </ClInclude>
    <ClInclude Include="Fantasy_Game\Map.hpp">
      <Filter>Header Files\Fantasy_Game</Filter>
    </ClInclude>
    <ClInclude Include="Fantasy_Game\Spawn_point.hpp">
      <Filter>Header Files\Fantasy_Game</Filter>
    </ClInclude>
    <ClInclude Include="Fantasy_Game\Spawn_to.hpp">
      <Filter>Header Files\Fantasy_Game</Filter>
    </ClInclude>
    <ClInclude Include="Fantasy_Game\Status_panel.hpp">
      <Filter>Header Files\Fantasy_Game</Filter>
    </ClInclude>
    <ClInclude Include="Fantasy_Game\Tile_data.hpp">
      <Filter>Header Files\Fantasy_Game</Filter>
    </ClInclude>
    <ClInclude Include="Fantasy_Game\Timer.hpp">
      <Filter>Header Files\Fantasy_Game</Filter>
    </ClInclude>
    <ClInclude Include="Fantasy_Game\Type_data.hpp">
      <Filter>Header Files\Fantasy_Game</Filter>
    </ClInclude>
    <ClInclude Include="Fantasy_Game\Unit.hpp">
      <Filter>Header Files\Fantasy_Game</Filter>
    </ClInclude>
    <ClInclude Include="Fantasy_Game\World.hpp">
      <Filter>Header Files\Fantasy_Game</Filter>
    </ClInclude>
  </ItemGroup>
  <ItemGroup>
    <ClCompile Include="stdafx.cpp">
      <Filter>Source Files</Filter>
    </ClCompile>
    <ClCompile Include="G6037599.cpp">
      <Filter>Source Files</Filter>
    </ClCompile>
    <ClCompile Include="Fantasy_Game\Console.cpp">
      <Filter>Source Files\Fantasy_Game</Filter>
    </ClCompile>
    <ClCompile Include="Fantasy_Game\Hp_bar.cpp">
      <Filter>Source Files\Fantasy_Game</Filter>
    </ClCompile>
    <ClCompile Include="Fantasy_Game\Map.cpp">
      <Filter>Source Files\Fantasy_Game</Filter>
    </ClCompile>
    <ClCompile Include="Fantasy_Game\Spawn_point.cpp">
      <Filter>Source Files\Fantasy_Game</Filter>
    </ClCompile>
    <ClCompile Include="Fantasy_Game\Status_panel.cpp">
      <Filter>Source Files\Fantasy_Game</Filter>
    </ClCompile>
    <ClCompile Include="Fantasy_Game\Tile_data.cpp">
      <Filter>Source Files\Fantasy_Game</Filter>
    </ClCompile>
    <ClCompile Include="Fantasy_Game\Timer.cpp">
      <Filter>Source Files\Fantasy_Game</Filter>
    </ClCompile>
    <ClCompile Include="Fantasy_Game\Type_data.cpp">
      <Filter>Source Files\Fantasy_Game</Filter>
    </ClCompile>
    <ClCompile Include="Fantasy_Game\Unit.cpp">
      <Filter>Source Files\Fantasy_Game</Filter>
    </ClCompile>
    <ClCompile Include="Fantasy_Game\World.cpp">
      <Filter>Source Files\Fantasy_Game</Filter>
    </ClCompile>
  </ItemGroup>
</Project>